
Microsoft Visual Studio Solution File, Format Version 12.00
# Visual Studio Version 16
VisualStudioVersion = 16.0.30907.101
MinimumVisualStudioVersion = 10.0.40219.1
Project("{9A19103F-16F7-4668-BE54-9A1E7A4F7556}") = "ProjetZORK", "ProjetZORK.csproj", "{2EAA7E00-59CD-42DC-8B20-BF662924704A}"
EndProject
Project("{9A19103F-16F7-4668-BE54-9A1E7A4F7556}") = "ProjetZORK.DataAccessLayer", "..\ProjetZORK.DataAccessLayer\ProjetZORK.DataAccessLayer.csproj", "{C4379CBA-6E01-4FCE-A0EE-47ABA6ECED2D}"
EndProject
Project("{9A19103F-16F7-4668-BE54-9A1E7A4F7556}") = "ProjetZORK.Services", "..\ProjetZORK.Services\ProjetZORK.Services.csproj", "{4FDC9DE1-0659-4C44-9E14-924D0D7FE279}"
EndProject
Global
	GlobalSection(SolutionConfigurationPlatforms) = preSolution
		Debug|Any CPU = Debug|Any CPU
		Release|Any CPU = Release|Any CPU
	EndGlobalSection
	GlobalSection(ProjectConfigurationPlatforms) = postSolution
		{2EAA7E00-59CD-42DC-8B20-BF662924704A}.Debug|Any CPU.ActiveCfg = Debug|Any CPU
		{2EAA7E00-59CD-42DC-8B20-BF662924704A}.Debug|Any CPU.Build.0 = Debug|Any CPU
		{2EAA7E00-59CD-42DC-8B20-BF662924704A}.Release|Any CPU.ActiveCfg = Release|Any CPU
		{2EAA7E00-59CD-42DC-8B20-BF662924704A}.Release|Any CPU.Build.0 = Release|Any CPU
		{C4379CBA-6E01-4FCE-A0EE-47ABA6ECED2D}.Debug|Any CPU.ActiveCfg = Debug|Any CPU
		{C4379CBA-6E01-4FCE-A0EE-47ABA6ECED2D}.Debug|Any CPU.Build.0 = Debug|Any CPU
		{C4379CBA-6E01-4FCE-A0EE-47ABA6ECED2D}.Release|Any CPU.ActiveCfg = Release|Any CPU
		{C4379CBA-6E01-4FCE-A0EE-47ABA6ECED2D}.Release|Any CPU.Build.0 = Release|Any CPU
		{4FDC9DE1-0659-4C44-9E14-924D0D7FE279}.Debug|Any CPU.ActiveCfg = Debug|Any CPU
		{4FDC9DE1-0659-4C44-9E14-924D0D7FE279}.Debug|Any CPU.Build.0 = Debug|Any CPU
		{4FDC9DE1-0659-4C44-9E14-924D0D7FE279}.Release|Any CPU.ActiveCfg = Release|Any CPU
		{4FDC9DE1-0659-4C44-9E14-924D0D7FE279}.Release|Any CPU.Build.0 = Release|Any CPU
	EndGlobalSection
	GlobalSection(SolutionProperties) = preSolution
		HideSolutionNode = FALSE
	EndGlobalSection
	GlobalSection(ExtensibilityGlobals) = postSolution
		SolutionGuid = {ADE7CD68-36CE-464A-AD06-0A2E4C31D71F}
	EndGlobalSection
EndGlobal
